// !$*UTF8*$!
{
	archiveVersion = 1;
	classes = {
	};
	objectVersion = 46;
	objects = {

/* Begin PBXBuildFile section */
		0D1560B41D7AAF0600A49138 /* NCameraManagerDefaultViewController.m in Sources */ = {isa = PBXBuildFile; fileRef = 0D1560921D7AAF0600A49138 /* NCameraManagerDefaultViewController.m */; };
		0D1560B51D7AAF0600A49138 /* NCameraManagerDefaultViewController.xib in Resources */ = {isa = PBXBuildFile; fileRef = 0D1560931D7AAF0600A49138 /* NCameraManagerDefaultViewController.xib */; };
		0D1560B61D7AAF0600A49138 /* NCMPlayListAudioTableViewCell.m in Sources */ = {isa = PBXBuildFile; fileRef = 0D1560951D7AAF0600A49138 /* NCMPlayListAudioTableViewCell.m */; };
		0D1560B71D7AAF0600A49138 /* NCMPlayListAudioTableViewCell.xib in Resources */ = {isa = PBXBuildFile; fileRef = 0D1560961D7AAF0600A49138 /* NCMPlayListAudioTableViewCell.xib */; };
		0D1560B81D7AAF0600A49138 /* NCMPlayListHeaderFooterView.m in Sources */ = {isa = PBXBuildFile; fileRef = 0D1560981D7AAF0600A49138 /* NCMPlayListHeaderFooterView.m */; };
		0D1560B91D7AAF0600A49138 /* NCMPlayListHeaderFooterView.xib in Resources */ = {isa = PBXBuildFile; fileRef = 0D1560991D7AAF0600A49138 /* NCMPlayListHeaderFooterView.xib */; };
		0D1560BA1D7AAF0600A49138 /* NCMPlayListImageCollectionViewCell.m in Sources */ = {isa = PBXBuildFile; fileRef = 0D15609B1D7AAF0600A49138 /* NCMPlayListImageCollectionViewCell.m */; };
		0D1560BB1D7AAF0600A49138 /* NCMPlayListImageCollectionViewCell.xib in Resources */ = {isa = PBXBuildFile; fileRef = 0D15609C1D7AAF0600A49138 /* NCMPlayListImageCollectionViewCell.xib */; };
		0D1560BC1D7AAF0600A49138 /* NCMPlayListImageTableViewCell.m in Sources */ = {isa = PBXBuildFile; fileRef = 0D15609E1D7AAF0600A49138 /* NCMPlayListImageTableViewCell.m */; };
		0D1560BD1D7AAF0600A49138 /* NCMPlayListImageTableViewCell.xib in Resources */ = {isa = PBXBuildFile; fileRef = 0D15609F1D7AAF0600A49138 /* NCMPlayListImageTableViewCell.xib */; };
		0D1560BE1D7AAF0600A49138 /* NCMPlayListModel.m in Sources */ = {isa = PBXBuildFile; fileRef = 0D1560A11D7AAF0600A49138 /* NCMPlayListModel.m */; };
		0D1560BF1D7AAF0600A49138 /* NCMPlayListViewController.m in Sources */ = {isa = PBXBuildFile; fileRef = 0D1560A31D7AAF0600A49138 /* NCMPlayListViewController.m */; };
		0D1560C01D7AAF0600A49138 /* NCMSettingModel.m in Sources */ = {isa = PBXBuildFile; fileRef = 0D1560A51D7AAF0600A49138 /* NCMSettingModel.m */; };
		0D1560C11D7AAF0600A49138 /* NCMSettingSingletonModel.m in Sources */ = {isa = PBXBuildFile; fileRef = 0D1560A71D7AAF0600A49138 /* NCMSettingSingletonModel.m */; };
		0D1560C21D7AAF0600A49138 /* NCMSettingTableViewCell.m in Sources */ = {isa = PBXBuildFile; fileRef = 0D1560A91D7AAF0600A49138 /* NCMSettingTableViewCell.m */; };
		0D1560C31D7AAF0600A49138 /* NCMSettingTableViewCell.xib in Resources */ = {isa = PBXBuildFile; fileRef = 0D1560AA1D7AAF0600A49138 /* NCMSettingTableViewCell.xib */; };
		0D1560C41D7AAF0600A49138 /* NCMSettingViewController.m in Sources */ = {isa = PBXBuildFile; fileRef = 0D1560AC1D7AAF0600A49138 /* NCMSettingViewController.m */; };
		0D1560C51D7AAF0600A49138 /* NCMSettingViewController.xib in Resources */ = {isa = PBXBuildFile; fileRef = 0D1560AD1D7AAF0600A49138 /* NCMSettingViewController.xib */; };
		0D1560C61D7AAF0600A49138 /* NCMShowImageCollectionViewCell.m in Sources */ = {isa = PBXBuildFile; fileRef = 0D1560AF1D7AAF0600A49138 /* NCMShowImageCollectionViewCell.m */; };
		0D1560C71D7AAF0600A49138 /* NCMShowImageCollectionViewCell.xib in Resources */ = {isa = PBXBuildFile; fileRef = 0D1560B01D7AAF0600A49138 /* NCMShowImageCollectionViewCell.xib */; };
		0D1560C81D7AAF0600A49138 /* NCMShowImageViewController.m in Sources */ = {isa = PBXBuildFile; fileRef = 0D1560B21D7AAF0600A49138 /* NCMShowImageViewController.m */; };
		0D1560C91D7AAF0600A49138 /* NCMShowImageViewController.xib in Resources */ = {isa = PBXBuildFile; fileRef = 0D1560B31D7AAF0600A49138 /* NCMShowImageViewController.xib */; };
		0D554ACA1D40B1DA0057FE76 /* main.m in Sources */ = {isa = PBXBuildFile; fileRef = 0D554AC91D40B1DA0057FE76 /* main.m */; };
		0D554ACD1D40B1DA0057FE76 /* AppDelegate.m in Sources */ = {isa = PBXBuildFile; fileRef = 0D554ACC1D40B1DA0057FE76 /* AppDelegate.m */; };
		0D554AD51D40B1DB0057FE76 /* Assets.xcassets in Resources */ = {isa = PBXBuildFile; fileRef = 0D554AD41D40B1DB0057FE76 /* Assets.xcassets */; };
		0D554AE01D40B2860057FE76 /* LaunchScreen.xib in Resources */ = {isa = PBXBuildFile; fileRef = 0D554ADF1D40B2860057FE76 /* LaunchScreen.xib */; };
		0DB919B91D4C483E00A297E0 /* NCameraManager.m in Sources */ = {isa = PBXBuildFile; fileRef = 0DB919B61D4C483E00A297E0 /* NCameraManager.m */; };
		0DB919BA1D4C483E00A297E0 /* NCameraPreviewView.m in Sources */ = {isa = PBXBuildFile; fileRef = 0DB919B81D4C483E00A297E0 /* NCameraPreviewView.m */; };
		0DD2D0341D4AF8C7005F92BC /* NAudioManager.m in Sources */ = {isa = PBXBuildFile; fileRef = 0DD2D0331D4AF8C7005F92BC /* NAudioManager.m */; };
		0DD6ABC11D66E3EE00FD379D /* NSError+NCMCustomErrorInstance.m in Sources */ = {isa = PBXBuildFile; fileRef = 0DD6ABB91D66E3EE00FD379D /* NSError+NCMCustomErrorInstance.m */; };
		0DD6ABC21D66E3EE00FD379D /* NSFileManager+NCMFileOperationManager.m in Sources */ = {isa = PBXBuildFile; fileRef = 0DD6ABBB1D66E3EE00FD379D /* NSFileManager+NCMFileOperationManager.m */; };
		0DD6ABC31D66E3EE00FD379D /* UIImage+NCMImageScale.m in Sources */ = {isa = PBXBuildFile; fileRef = 0DD6ABBD1D66E3EE00FD379D /* UIImage+NCMImageScale.m */; };
		0DD6ABC41D66E3EE00FD379D /* NCMFileDetailImformationModel.m in Sources */ = {isa = PBXBuildFile; fileRef = 0DD6ABC01D66E3EE00FD379D /* NCMFileDetailImformationModel.m */; };
/* End PBXBuildFile section */

/* Begin PBXFileReference section */
		0D1560911D7AAF0600A49138 /* NCameraManagerDefaultViewController.h */ = {isa = PBXFileReference; fileEncoding = 4; lastKnownFileType = sourcecode.c.h; path = NCameraManagerDefaultViewController.h; sourceTree = "<group>"; };
		0D1560921D7AAF0600A49138 /* NCameraManagerDefaultViewController.m */ = {isa = PBXFileReference; fileEncoding = 4; lastKnownFileType = sourcecode.c.objc; path = NCameraManagerDefaultViewController.m; sourceTree = "<group>"; };
		0D1560931D7AAF0600A49138 /* NCameraManagerDefaultViewController.xib */ = {isa = PBXFileReference; fileEncoding = 4; lastKnownFileType = file.xib; path = NCameraManagerDefaultViewController.xib; sourceTree = "<group>"; };
		0D1560941D7AAF0600A49138 /* NCMPlayListAudioTableViewCell.h */ = {isa = PBXFileReference; fileEncoding = 4; lastKnownFileType = sourcecode.c.h; path = NCMPlayListAudioTableViewCell.h; sourceTree = "<group>"; };
		0D1560951D7AAF0600A49138 /* NCMPlayListAudioTableViewCell.m */ = {isa = PBXFileReference; fileEncoding = 4; lastKnownFileType = sourcecode.c.objc; path = NCMPlayListAudioTableViewCell.m; sourceTree = "<group>"; };
		0D1560961D7AAF0600A49138 /* NCMPlayListAudioTableViewCell.xib */ = {isa = PBXFileReference; fileEncoding = 4; lastKnownFileType = file.xib; path = NCMPlayListAudioTableViewCell.xib; sourceTree = "<group>"; };
		0D1560971D7AAF0600A49138 /* NCMPlayListHeaderFooterView.h */ = {isa = PBXFileReference; fileEncoding = 4; lastKnownFileType = sourcecode.c.h; path = NCMPlayListHeaderFooterView.h; sourceTree = "<group>"; };
		0D1560981D7AAF0600A49138 /* NCMPlayListHeaderFooterView.m */ = {isa = PBXFileReference; fileEncoding = 4; lastKnownFileType = sourcecode.c.objc; path = NCMPlayListHeaderFooterView.m; sourceTree = "<group>"; };
		0D1560991D7AAF0600A49138 /* NCMPlayListHeaderFooterView.xib */ = {isa = PBXFileReference; fileEncoding = 4; lastKnownFileType = file.xib; path = NCMPlayListHeaderFooterView.xib; sourceTree = "<group>"; };
		0D15609A1D7AAF0600A49138 /* NCMPlayListImageCollectionViewCell.h */ = {isa = PBXFileReference; fileEncoding = 4; lastKnownFileType = sourcecode.c.h; path = NCMPlayListImageCollectionViewCell.h; sourceTree = "<group>"; };
		0D15609B1D7AAF0600A49138 /* NCMPlayListImageCollectionViewCell.m */ = {isa = PBXFileReference; fileEncoding = 4; lastKnownFileType = sourcecode.c.objc; path = NCMPlayListImageCollectionViewCell.m; sourceTree = "<group>"; };
		0D15609C1D7AAF0600A49138 /* NCMPlayListImageCollectionViewCell.xib */ = {isa = PBXFileReference; fileEncoding = 4; lastKnownFileType = file.xib; path = NCMPlayListImageCollectionViewCell.xib; sourceTree = "<group>"; };
		0D15609D1D7AAF0600A49138 /* NCMPlayListImageTableViewCell.h */ = {isa = PBXFileReference; fileEncoding = 4; lastKnownFileType = sourcecode.c.h; path = NCMPlayListImageTableViewCell.h; sourceTree = "<group>"; };
		0D15609E1D7AAF0600A49138 /* NCMPlayListImageTableViewCell.m */ = {isa = PBXFileReference; fileEncoding = 4; lastKnownFileType = sourcecode.c.objc; path = NCMPlayListImageTableViewCell.m; sourceTree = "<group>"; };
		0D15609F1D7AAF0600A49138 /* NCMPlayListImageTableViewCell.xib */ = {isa = PBXFileReference; fileEncoding = 4; lastKnownFileType = file.xib; path = NCMPlayListImageTableViewCell.xib; sourceTree = "<group>"; };
		0D1560A01D7AAF0600A49138 /* NCMPlayListModel.h */ = {isa = PBXFileReference; fileEncoding = 4; lastKnownFileType = sourcecode.c.h; path = NCMPlayListModel.h; sourceTree = "<group>"; };
		0D1560A11D7AAF0600A49138 /* NCMPlayListModel.m */ = {isa = PBXFileReference; fileEncoding = 4; lastKnownFileType = sourcecode.c.objc; path = NCMPlayListModel.m; sourceTree = "<group>"; };
		0D1560A21D7AAF0600A49138 /* NCMPlayListViewController.h */ = {isa = PBXFileReference; fileEncoding = 4; lastKnownFileType = sourcecode.c.h; path = NCMPlayListViewController.h; sourceTree = "<group>"; };
		0D1560A31D7AAF0600A49138 /* NCMPlayListViewController.m */ = {isa = PBXFileReference; fileEncoding = 4; lastKnownFileType = sourcecode.c.objc; path = NCMPlayListViewController.m; sourceTree = "<group>"; };
		0D1560A41D7AAF0600A49138 /* NCMSettingModel.h */ = {isa = PBXFileReference; fileEncoding = 4; lastKnownFileType = sourcecode.c.h; path = NCMSettingModel.h; sourceTree = "<group>"; };
		0D1560A51D7AAF0600A49138 /* NCMSettingModel.m */ = {isa = PBXFileReference; fileEncoding = 4; lastKnownFileType = sourcecode.c.objc; path = NCMSettingModel.m; sourceTree = "<group>"; };
		0D1560A61D7AAF0600A49138 /* NCMSettingSingletonModel.h */ = {isa = PBXFileReference; fileEncoding = 4; lastKnownFileType = sourcecode.c.h; path = NCMSettingSingletonModel.h; sourceTree = "<group>"; };
		0D1560A71D7AAF0600A49138 /* NCMSettingSingletonModel.m */ = {isa = PBXFileReference; fileEncoding = 4; lastKnownFileType = sourcecode.c.objc; path = NCMSettingSingletonModel.m; sourceTree = "<group>"; };
		0D1560A81D7AAF0600A49138 /* NCMSettingTableViewCell.h */ = {isa = PBXFileReference; fileEncoding = 4; lastKnownFileType = sourcecode.c.h; path = NCMSettingTableViewCell.h; sourceTree = "<group>"; };
		0D1560A91D7AAF0600A49138 /* NCMSettingTableViewCell.m */ = {isa = PBXFileReference; fileEncoding = 4; lastKnownFileType = sourcecode.c.objc; path = NCMSettingTableViewCell.m; sourceTree = "<group>"; };
		0D1560AA1D7AAF0600A49138 /* NCMSettingTableViewCell.xib */ = {isa = PBXFileReference; fileEncoding = 4; lastKnownFileType = file.xib; path = NCMSettingTableViewCell.xib; sourceTree = "<group>"; };
		0D1560AB1D7AAF0600A49138 /* NCMSettingViewController.h */ = {isa = PBXFileReference; fileEncoding = 4; lastKnownFileType = sourcecode.c.h; path = NCMSettingViewController.h; sourceTree = "<group>"; };
		0D1560AC1D7AAF0600A49138 /* NCMSettingViewController.m */ = {isa = PBXFileReference; fileEncoding = 4; lastKnownFileType = sourcecode.c.objc; path = NCMSettingViewController.m; sourceTree = "<group>"; };
		0D1560AD1D7AAF0600A49138 /* NCMSettingViewController.xib */ = {isa = PBXFileReference; fileEncoding = 4; lastKnownFileType = file.xib; path = NCMSettingViewController.xib; sourceTree = "<group>"; };
		0D1560AE1D7AAF0600A49138 /* NCMShowImageCollectionViewCell.h */ = {isa = PBXFileReference; fileEncoding = 4; lastKnownFileType = sourcecode.c.h; path = NCMShowImageCollectionViewCell.h; sourceTree = "<group>"; };
		0D1560AF1D7AAF0600A49138 /* NCMShowImageCollectionViewCell.m */ = {isa = PBXFileReference; fileEncoding = 4; lastKnownFileType = sourcecode.c.objc; path = NCMShowImageCollectionViewCell.m; sourceTree = "<group>"; };
		0D1560B01D7AAF0600A49138 /* NCMShowImageCollectionViewCell.xib */ = {isa = PBXFileReference; fileEncoding = 4; lastKnownFileType = file.xib; path = NCMShowImageCollectionViewCell.xib; sourceTree = "<group>"; };
		0D1560B11D7AAF0600A49138 /* NCMShowImageViewController.h */ = {isa = PBXFileReference; fileEncoding = 4; lastKnownFileType = sourcecode.c.h; path = NCMShowImageViewController.h; sourceTree = "<group>"; };
		0D1560B21D7AAF0600A49138 /* NCMShowImageViewController.m */ = {isa = PBXFileReference; fileEncoding = 4; lastKnownFileType = sourcecode.c.objc; path = NCMShowImageViewController.m; sourceTree = "<group>"; };
		0D1560B31D7AAF0600A49138 /* NCMShowImageViewController.xib */ = {isa = PBXFileReference; fileEncoding = 4; lastKnownFileType = file.xib; path = NCMShowImageViewController.xib; sourceTree = "<group>"; };
		0D554AC51D40B1DA0057FE76 /* NearCameraManager.app */ = {isa = PBXFileReference; explicitFileType = wrapper.application; includeInIndex = 0; path = NearCameraManager.app; sourceTree = BUILT_PRODUCTS_DIR; };
		0D554AC91D40B1DA0057FE76 /* main.m */ = {isa = PBXFileReference; lastKnownFileType = sourcecode.c.objc; path = main.m; sourceTree = "<group>"; };
		0D554ACB1D40B1DA0057FE76 /* AppDelegate.h */ = {isa = PBXFileReference; lastKnownFileType = sourcecode.c.h; path = AppDelegate.h; sourceTree = "<group>"; };
		0D554ACC1D40B1DA0057FE76 /* AppDelegate.m */ = {isa = PBXFileReference; lastKnownFileType = sourcecode.c.objc; path = AppDelegate.m; sourceTree = "<group>"; };
		0D554AD41D40B1DB0057FE76 /* Assets.xcassets */ = {isa = PBXFileReference; lastKnownFileType = folder.assetcatalog; path = Assets.xcassets; sourceTree = "<group>"; };
		0D554AD91D40B1DB0057FE76 /* Info.plist */ = {isa = PBXFileReference; lastKnownFileType = text.plist.xml; path = Info.plist; sourceTree = "<group>"; };
		0D554ADF1D40B2860057FE76 /* LaunchScreen.xib */ = {isa = PBXFileReference; fileEncoding = 4; lastKnownFileType = file.xib; path = LaunchScreen.xib; sourceTree = "<group>"; };
		0D554AE91D40B9F60057FE76 /* NCameraManagerHeader.h */ = {isa = PBXFileReference; fileEncoding = 4; lastKnownFileType = sourcecode.c.h; path = NCameraManagerHeader.h; sourceTree = "<group>"; };
		0DB919B51D4C483E00A297E0 /* NCameraManager.h */ = {isa = PBXFileReference; fileEncoding = 4; lastKnownFileType = sourcecode.c.h; path = NCameraManager.h; sourceTree = "<group>"; };
		0DB919B61D4C483E00A297E0 /* NCameraManager.m */ = {isa = PBXFileReference; fileEncoding = 4; lastKnownFileType = sourcecode.c.objc; path = NCameraManager.m; sourceTree = "<group>"; };
		0DB919B71D4C483E00A297E0 /* NCameraPreviewView.h */ = {isa = PBXFileReference; fileEncoding = 4; lastKnownFileType = sourcecode.c.h; path = NCameraPreviewView.h; sourceTree = "<group>"; };
		0DB919B81D4C483E00A297E0 /* NCameraPreviewView.m */ = {isa = PBXFileReference; fileEncoding = 4; lastKnownFileType = sourcecode.c.objc; path = NCameraPreviewView.m; sourceTree = "<group>"; };
		0DD2D0321D4AF8C7005F92BC /* NAudioManager.h */ = {isa = PBXFileReference; fileEncoding = 4; lastKnownFileType = sourcecode.c.h; path = NAudioManager.h; sourceTree = "<group>"; };
		0DD2D0331D4AF8C7005F92BC /* NAudioManager.m */ = {isa = PBXFileReference; fileEncoding = 4; lastKnownFileType = sourcecode.c.objc; path = NAudioManager.m; sourceTree = "<group>"; };
		0DD6ABB81D66E3EE00FD379D /* NSError+NCMCustomErrorInstance.h */ = {isa = PBXFileReference; fileEncoding = 4; lastKnownFileType = sourcecode.c.h; path = "NSError+NCMCustomErrorInstance.h"; sourceTree = "<group>"; };
		0DD6ABB91D66E3EE00FD379D /* NSError+NCMCustomErrorInstance.m */ = {isa = PBXFileReference; fileEncoding = 4; lastKnownFileType = sourcecode.c.objc; path = "NSError+NCMCustomErrorInstance.m"; sourceTree = "<group>"; };
		0DD6ABBA1D66E3EE00FD379D /* NSFileManager+NCMFileOperationManager.h */ = {isa = PBXFileReference; fileEncoding = 4; lastKnownFileType = sourcecode.c.h; path = "NSFileManager+NCMFileOperationManager.h"; sourceTree = "<group>"; };
		0DD6ABBB1D66E3EE00FD379D /* NSFileManager+NCMFileOperationManager.m */ = {isa = PBXFileReference; fileEncoding = 4; lastKnownFileType = sourcecode.c.objc; path = "NSFileManager+NCMFileOperationManager.m"; sourceTree = "<group>"; };
		0DD6ABBC1D66E3EE00FD379D /* UIImage+NCMImageScale.h */ = {isa = PBXFileReference; fileEncoding = 4; lastKnownFileType = sourcecode.c.h; path = "UIImage+NCMImageScale.h"; sourceTree = "<group>"; };
		0DD6ABBD1D66E3EE00FD379D /* UIImage+NCMImageScale.m */ = {isa = PBXFileReference; fileEncoding = 4; lastKnownFileType = sourcecode.c.objc; path = "UIImage+NCMImageScale.m"; sourceTree = "<group>"; };
		0DD6ABBF1D66E3EE00FD379D /* NCMFileDetailImformationModel.h */ = {isa = PBXFileReference; fileEncoding = 4; lastKnownFileType = sourcecode.c.h; path = NCMFileDetailImformationModel.h; sourceTree = "<group>"; };
		0DD6ABC01D66E3EE00FD379D /* NCMFileDetailImformationModel.m */ = {isa = PBXFileReference; fileEncoding = 4; lastKnownFileType = sourcecode.c.objc; path = NCMFileDetailImformationModel.m; sourceTree = "<group>"; };
/* End PBXFileReference section */

/* Begin PBXFrameworksBuildPhase section */
		0D554AC21D40B1DA0057FE76 /* Frameworks */ = {
			isa = PBXFrameworksBuildPhase;
			buildActionMask = 2147483647;
			files = (
			);
			runOnlyForDeploymentPostprocessing = 0;
		};
/* End PBXFrameworksBuildPhase section */

/* Begin PBXGroup section */
		0D1560901D7AAF0600A49138 /* DefaultViewController */ = {
			isa = PBXGroup;
			children = (
				0D1560CC1D7AAF3700A49138 /* Model */,
				0D1560CA1D7AAF0D00A49138 /* ViewController */,
				0D1560CB1D7AAF1C00A49138 /* View */,
			);
			path = DefaultViewController;
			sourceTree = "<group>";
		};
		0D1560CA1D7AAF0D00A49138 /* ViewController */ = {
			isa = PBXGroup;
			children = (
				0D1560911D7AAF0600A49138 /* NCameraManagerDefaultViewController.h */,
				0D1560921D7AAF0600A49138 /* NCameraManagerDefaultViewController.m */,
				0D1560931D7AAF0600A49138 /* NCameraManagerDefaultViewController.xib */,
				0D1560A21D7AAF0600A49138 /* NCMPlayListViewController.h */,
				0D1560A31D7AAF0600A49138 /* NCMPlayListViewController.m */,
				0D1560AB1D7AAF0600A49138 /* NCMSettingViewController.h */,
				0D1560AC1D7AAF0600A49138 /* NCMSettingViewController.m */,
				0D1560AD1D7AAF0600A49138 /* NCMSettingViewController.xib */,
				0D1560B11D7AAF0600A49138 /* NCMShowImageViewController.h */,
				0D1560B21D7AAF0600A49138 /* NCMShowImageViewController.m */,
				0D1560B31D7AAF0600A49138 /* NCMShowImageViewController.xib */,
			);
			name = ViewController;
			sourceTree = "<group>";
		};
		0D1560CB1D7AAF1C00A49138 /* View */ = {
			isa = PBXGroup;
			children = (
				0D1560A81D7AAF0600A49138 /* NCMSettingTableViewCell.h */,
				0D1560A91D7AAF0600A49138 /* NCMSettingTableViewCell.m */,
				0D1560AA1D7AAF0600A49138 /* NCMSettingTableViewCell.xib */,
				0D1560971D7AAF0600A49138 /* NCMPlayListHeaderFooterView.h */,
				0D1560981D7AAF0600A49138 /* NCMPlayListHeaderFooterView.m */,
				0D1560991D7AAF0600A49138 /* NCMPlayListHeaderFooterView.xib */,
				0D1560941D7AAF0600A49138 /* NCMPlayListAudioTableViewCell.h */,
				0D1560951D7AAF0600A49138 /* NCMPlayListAudioTableViewCell.m */,
				0D1560961D7AAF0600A49138 /* NCMPlayListAudioTableViewCell.xib */,
				0D15609A1D7AAF0600A49138 /* NCMPlayListImageCollectionViewCell.h */,
				0D15609B1D7AAF0600A49138 /* NCMPlayListImageCollectionViewCell.m */,
				0D15609C1D7AAF0600A49138 /* NCMPlayListImageCollectionViewCell.xib */,
				0D15609D1D7AAF0600A49138 /* NCMPlayListImageTableViewCell.h */,
				0D15609E1D7AAF0600A49138 /* NCMPlayListImageTableViewCell.m */,
				0D15609F1D7AAF0600A49138 /* NCMPlayListImageTableViewCell.xib */,
				0D1560AE1D7AAF0600A49138 /* NCMShowImageCollectionViewCell.h */,
				0D1560AF1D7AAF0600A49138 /* NCMShowImageCollectionViewCell.m */,
				0D1560B01D7AAF0600A49138 /* NCMShowImageCollectionViewCell.xib */,
			);
			name = View;
			sourceTree = "<group>";
		};
		0D1560CC1D7AAF3700A49138 /* Model */ = {
			isa = PBXGroup;
			children = (
				0D1560A01D7AAF0600A49138 /* NCMPlayListModel.h */,
				0D1560A11D7AAF0600A49138 /* NCMPlayListModel.m */,
				0D1560A41D7AAF0600A49138 /* NCMSettingModel.h */,
				0D1560A51D7AAF0600A49138 /* NCMSettingModel.m */,
				0D1560A61D7AAF0600A49138 /* NCMSettingSingletonModel.h */,
				0D1560A71D7AAF0600A49138 /* NCMSettingSingletonModel.m */,
			);
			name = Model;
			sourceTree = "<group>";
		};
		0D554ABC1D40B1DA0057FE76 = {
			isa = PBXGroup;
			children = (
				0D554AC71D40B1DA0057FE76 /* NearCameraManager */,
				0D554AC61D40B1DA0057FE76 /* Products */,
			);
			sourceTree = "<group>";
		};
		0D554AC61D40B1DA0057FE76 /* Products */ = {
			isa = PBXGroup;
			children = (
				0D554AC51D40B1DA0057FE76 /* NearCameraManager.app */,
			);
			name = Products;
			sourceTree = "<group>";
		};
		0D554AC71D40B1DA0057FE76 /* NearCameraManager */ = {
			isa = PBXGroup;
			children = (
				0D554ACB1D40B1DA0057FE76 /* AppDelegate.h */,
				0D554ACC1D40B1DA0057FE76 /* AppDelegate.m */,
				0D554AE21D40B47D0057FE76 /* Class */,
				0D1560901D7AAF0600A49138 /* DefaultViewController */,
				0D554AD41D40B1DB0057FE76 /* Assets.xcassets */,
				0D554AC81D40B1DA0057FE76 /* Supporting Files */,
			);
			path = NearCameraManager;
			sourceTree = "<group>";
		};
		0D554AC81D40B1DA0057FE76 /* Supporting Files */ = {
			isa = PBXGroup;
			children = (
				0D554AD91D40B1DB0057FE76 /* Info.plist */,
				0D554ADF1D40B2860057FE76 /* LaunchScreen.xib */,
				0D554AC91D40B1DA0057FE76 /* main.m */,
			);
			name = "Supporting Files";
			sourceTree = "<group>";
		};
		0D554AE21D40B47D0057FE76 /* Class */ = {
			isa = PBXGroup;
			children = (
				0D554AE91D40B9F60057FE76 /* NCameraManagerHeader.h */,
				0DD2D01C1D4AF347005F92BC /* AudioManager */,
				0DD2D0231D4AF3B0005F92BC /* CameraManager */,
				0DD6ABB71D66E3EE00FD379D /* Category */,
				0DD6ABBE1D66E3EE00FD379D /* Model */,
			);
			path = Class;
			sourceTree = "<group>";
		};
		0DD2D01C1D4AF347005F92BC /* AudioManager */ = {
			isa = PBXGroup;
			children = (
				0DD2D0321D4AF8C7005F92BC /* NAudioManager.h */,
				0DD2D0331D4AF8C7005F92BC /* NAudioManager.m */,
			);
			path = AudioManager;
			sourceTree = "<group>";
		};
		0DD2D0231D4AF3B0005F92BC /* CameraManager */ = {
			isa = PBXGroup;
			children = (
				0DB919B51D4C483E00A297E0 /* NCameraManager.h */,
				0DB919B61D4C483E00A297E0 /* NCameraManager.m */,
				0DB919B71D4C483E00A297E0 /* NCameraPreviewView.h */,
				0DB919B81D4C483E00A297E0 /* NCameraPreviewView.m */,
			);
			path = CameraManager;
			sourceTree = "<group>";
		};
		0DD6ABB71D66E3EE00FD379D /* Category */ = {
			isa = PBXGroup;
			children = (
				0DD6ABB81D66E3EE00FD379D /* NSError+NCMCustomErrorInstance.h */,
				0DD6ABB91D66E3EE00FD379D /* NSError+NCMCustomErrorInstance.m */,
				0DD6ABBA1D66E3EE00FD379D /* NSFileManager+NCMFileOperationManager.h */,
				0DD6ABBB1D66E3EE00FD379D /* NSFileManager+NCMFileOperationManager.m */,
				0DD6ABBC1D66E3EE00FD379D /* UIImage+NCMImageScale.h */,
				0DD6ABBD1D66E3EE00FD379D /* UIImage+NCMImageScale.m */,
			);
			path = Category;
			sourceTree = "<group>";
		};
		0DD6ABBE1D66E3EE00FD379D /* Model */ = {
			isa = PBXGroup;
			children = (
				0DD6ABBF1D66E3EE00FD379D /* NCMFileDetailImformationModel.h */,
				0DD6ABC01D66E3EE00FD379D /* NCMFileDetailImformationModel.m */,
			);
			path = Model;
			sourceTree = "<group>";
		};
/* End PBXGroup section */

/* Begin PBXNativeTarget section */
		0D554AC41D40B1DA0057FE76 /* NearCameraManager */ = {
			isa = PBXNativeTarget;
			buildConfigurationList = 0D554ADC1D40B1DB0057FE76 /* Build configuration list for PBXNativeTarget "NearCameraManager" */;
			buildPhases = (
				0D554AC11D40B1DA0057FE76 /* Sources */,
				0D554AC21D40B1DA0057FE76 /* Frameworks */,
				0D554AC31D40B1DA0057FE76 /* Resources */,
			);
			buildRules = (
			);
			dependencies = (
			);
			name = NearCameraManager;
			productName = NearCameraManager;
			productReference = 0D554AC51D40B1DA0057FE76 /* NearCameraManager.app */;
			productType = "com.apple.product-type.application";
		};
/* End PBXNativeTarget section */

/* Begin PBXProject section */
		0D554ABD1D40B1DA0057FE76 /* Project object */ = {
			isa = PBXProject;
			attributes = {
				CLASSPREFIX = N;
				LastUpgradeCheck = 0730;
				ORGANIZATIONNAME = NearKong;
				TargetAttributes = {
					0D554AC41D40B1DA0057FE76 = {
						CreatedOnToolsVersion = 7.3.1;
						DevelopmentTeam = Q4V56F4B3B;
					};
				};
			};
			buildConfigurationList = 0D554AC01D40B1DA0057FE76 /* Build configuration list for PBXProject "NearCameraManager" */;
			compatibilityVersion = "Xcode 3.2";
			developmentRegion = English;
			hasScannedForEncodings = 0;
			knownRegions = (
				en,
				Base,
			);
			mainGroup = 0D554ABC1D40B1DA0057FE76;
			productRefGroup = 0D554AC61D40B1DA0057FE76 /* Products */;
			projectDirPath = "";
			projectRoot = "";
			targets = (
				0D554AC41D40B1DA0057FE76 /* NearCameraManager */,
			);
		};
/* End PBXProject section */

/* Begin PBXResourcesBuildPhase section */
		0D554AC31D40B1DA0057FE76 /* Resources */ = {
			isa = PBXResourcesBuildPhase;
			buildActionMask = 2147483647;
			files = (
				0D554AE01D40B2860057FE76 /* LaunchScreen.xib in Resources */,
				0D1560B71D7AAF0600A49138 /* NCMPlayListAudioTableViewCell.xib in Resources */,
				0D1560B91D7AAF0600A49138 /* NCMPlayListHeaderFooterView.xib in Resources */,
				0D1560C31D7AAF0600A49138 /* NCMSettingTableViewCell.xib in Resources */,
				0D554AD51D40B1DB0057FE76 /* Assets.xcassets in Resources */,
				0D1560C51D7AAF0600A49138 /* NCMSettingViewController.xib in Resources */,
				0D1560C71D7AAF0600A49138 /* NCMShowImageCollectionViewCell.xib in Resources */,
				0D1560B51D7AAF0600A49138 /* NCameraManagerDefaultViewController.xib in Resources */,
				0D1560C91D7AAF0600A49138 /* NCMShowImageViewController.xib in Resources */,
				0D1560BB1D7AAF0600A49138 /* NCMPlayListImageCollectionViewCell.xib in Resources */,
				0D1560BD1D7AAF0600A49138 /* NCMPlayListImageTableViewCell.xib in Resources */,
			);
			runOnlyForDeploymentPostprocessing = 0;
		};
/* End PBXResourcesBuildPhase section */

/* Begin PBXSourcesBuildPhase section */
		0D554AC11D40B1DA0057FE76 /* Sources */ = {
			isa = PBXSourcesBuildPhase;
			buildActionMask = 2147483647;
			files = (
				0D1560C61D7AAF0600A49138 /* NCMShowImageCollectionViewCell.m in Sources */,
				0D1560C01D7AAF0600A49138 /* NCMSettingModel.m in Sources */,
				0D554ACD1D40B1DA0057FE76 /* AppDelegate.m in Sources */,
				0D1560BA1D7AAF0600A49138 /* NCMPlayListImageCollectionViewCell.m in Sources */,
				0DB919BA1D4C483E00A297E0 /* NCameraPreviewView.m in Sources */,
				0D554ACA1D40B1DA0057FE76 /* main.m in Sources */,
				0DB919B91D4C483E00A297E0 /* NCameraManager.m in Sources */,
				0D1560BF1D7AAF0600A49138 /* NCMPlayListViewController.m in Sources */,
				0DD6ABC21D66E3EE00FD379D /* NSFileManager+NCMFileOperationManager.m in Sources */,
				0D1560C41D7AAF0600A49138 /* NCMSettingViewController.m in Sources */,
				0D1560BC1D7AAF0600A49138 /* NCMPlayListImageTableViewCell.m in Sources */,
				0D1560C21D7AAF0600A49138 /* NCMSettingTableViewCell.m in Sources */,
				0DD6ABC41D66E3EE00FD379D /* NCMFileDetailImformationModel.m in Sources */,
				0D1560B61D7AAF0600A49138 /* NCMPlayListAudioTableViewCell.m in Sources */,
				0D1560BE1D7AAF0600A49138 /* NCMPlayListModel.m in Sources */,
				0D1560B41D7AAF0600A49138 /* NCameraManagerDefaultViewController.m in Sources */,
				0D1560C81D7AAF0600A49138 /* NCMShowImageViewController.m in Sources */,
				0D1560C11D7AAF0600A49138 /* NCMSettingSingletonModel.m in Sources */,
				0DD6ABC31D66E3EE00FD379D /* UIImage+NCMImageScale.m in Sources */,
				0DD2D0341D4AF8C7005F92BC /* NAudioManager.m in Sources */,
				0DD6ABC11D66E3EE00FD379D /* NSError+NCMCustomErrorInstance.m in Sources */,
				0D1560B81D7AAF0600A49138 /* NCMPlayListHeaderFooterView.m in Sources */,
			);
			runOnlyForDeploymentPostprocessing = 0;
		};
/* End PBXSourcesBuildPhase section */

/* Begin XCBuildConfiguration section */
		0D554ADA1D40B1DB0057FE76 /* Debug */ = {
			isa = XCBuildConfiguration;
			buildSettings = {
				ALWAYS_SEARCH_USER_PATHS = NO;
				CLANG_ANALYZER_NONNULL = YES;
				CLANG_CXX_LANGUAGE_STANDARD = "gnu++0x";
				CLANG_CXX_LIBRARY = "libc++";
				CLANG_ENABLE_MODULES = YES;
				CLANG_ENABLE_OBJC_ARC = YES;
				CLANG_WARN_BOOL_CONVERSION = YES;
				CLANG_WARN_CONSTANT_CONVERSION = YES;
				CLANG_WARN_DIRECT_OBJC_ISA_USAGE = YES_ERROR;
				CLANG_WARN_EMPTY_BODY = YES;
				CLANG_WARN_ENUM_CONVERSION = YES;
				CLANG_WARN_INT_CONVERSION = YES;
				CLANG_WARN_OBJC_ROOT_CLASS = YES_ERROR;
				CLANG_WARN_UNREACHABLE_CODE = YES;
				CLANG_WARN__DUPLICATE_METHOD_MATCH = YES;
				"CODE_SIGN_IDENTITY[sdk=iphoneos*]" = "iPhone Developer";
				COPY_PHASE_STRIP = NO;
				DEBUG_INFORMATION_FORMAT = dwarf;
				ENABLE_STRICT_OBJC_MSGSEND = YES;
				ENABLE_TESTABILITY = YES;
				GCC_C_LANGUAGE_STANDARD = gnu99;
				GCC_DYNAMIC_NO_PIC = NO;
				GCC_NO_COMMON_BLOCKS = YES;
				GCC_OPTIMIZATION_LEVEL = 0;
				GCC_PREPROCESSOR_DEFINITIONS = (
					"DEBUG=1",
					"$(inherited)",
				);
				GCC_WARN_64_TO_32_BIT_CONVERSION = YES;
				GCC_WARN_ABOUT_RETURN_TYPE = YES_ERROR;
				GCC_WARN_UNDECLARED_SELECTOR = YES;
				GCC_WARN_UNINITIALIZED_AUTOS = YES_AGGRESSIVE;
				GCC_WARN_UNUSED_FUNCTION = YES;
				GCC_WARN_UNUSED_VARIABLE = YES;
				IPHONEOS_DEPLOYMENT_TARGET = 9.3;
				MTL_ENABLE_DEBUG_INFO = YES;
				ONLY_ACTIVE_ARCH = YES;
				SDKROOT = iphoneos;
			};
			name = Debug;
		};
		0D554ADB1D40B1DB0057FE76 /* Release */ = {
			isa = XCBuildConfiguration;
			buildSettings = {
				ALWAYS_SEARCH_USER_PATHS = NO;
				CLANG_ANALYZER_NONNULL = YES;
				CLANG_CXX_LANGUAGE_STANDARD = "gnu++0x";
				CLANG_CXX_LIBRARY = "libc++";
				CLANG_ENABLE_MODULES = YES;
				CLANG_ENABLE_OBJC_ARC = YES;
				CLANG_WARN_BOOL_CONVERSION = YES;
				CLANG_WARN_CONSTANT_CONVERSION = YES;
				CLANG_WARN_DIRECT_OBJC_ISA_USAGE = YES_ERROR;
				CLANG_WARN_EMPTY_BODY = YES;
				CLANG_WARN_ENUM_CONVERSION = YES;
				CLANG_WARN_INT_CONVERSION = YES;
				CLANG_WARN_OBJC_ROOT_CLASS = YES_ERROR;
				CLANG_WARN_UNREACHABLE_CODE = YES;
				CLANG_WARN__DUPLICATE_METHOD_MATCH = YES;
				"CODE_SIGN_IDENTITY[sdk=iphoneos*]" = "iPhone Developer";
				COPY_PHASE_STRIP = NO;
				DEBUG_INFORMATION_FORMAT = "dwarf-with-dsym";
				ENABLE_NS_ASSERTIONS = NO;
				ENABLE_STRICT_OBJC_MSGSEND = YES;
				GCC_C_LANGUAGE_STANDARD = gnu99;
				GCC_NO_COMMON_BLOCKS = YES;
				GCC_WARN_64_TO_32_BIT_CONVERSION = YES;
				GCC_WARN_ABOUT_RETURN_TYPE = YES_ERROR;
				GCC_WARN_UNDECLARED_SELECTOR = YES;
				GCC_WARN_UNINITIALIZED_AUTOS = YES_AGGRESSIVE;
				GCC_WARN_UNUSED_FUNCTION = YES;
				GCC_WARN_UNUSED_VARIABLE = YES;
				IPHONEOS_DEPLOYMENT_TARGET = 9.3;
				MTL_ENABLE_DEBUG_INFO = NO;
				SDKROOT = iphoneos;
				VALIDATE_PRODUCT = YES;
			};
			name = Release;
		};
		0D554ADD1D40B1DB0057FE76 /* Debug */ = {
			isa = XCBuildConfiguration;
			buildSettings = {
				ASSETCATALOG_COMPILER_APPICON_NAME = AppIcon;
				CODE_SIGN_IDENTITY = "iPhone Developer";
				ENABLE_BITCODE = NO;
				INFOPLIST_FILE = NearCameraManager/Info.plist;
				IPHONEOS_DEPLOYMENT_TARGET = 8.0;
				LD_RUNPATH_SEARCH_PATHS = "$(inherited) @executable_path/Frameworks";
				LIBRARY_SEARCH_PATHS = (
					"$(inherited)",
					"$(PROJECT_DIR)/NearCameraManager/Convert/lame",
				);
				PRODUCT_BUNDLE_IDENTIFIER = NearKong.NearCameraManager;
				PRODUCT_NAME = "$(TARGET_NAME)";
				TARGETED_DEVICE_FAMILY = 1;
			};
			name = Debug;
		};
		0D554ADE1D40B1DB0057FE76 /* Release */ = {
			isa = XCBuildConfiguration;
			buildSettings = {
				ASSETCATALOG_COMPILER_APPICON_NAME = AppIcon;
				CODE_SIGN_IDENTITY = "iPhone Developer";
				ENABLE_BITCODE = NO;
				INFOPLIST_FILE = NearCameraManager/Info.plist;
				IPHONEOS_DEPLOYMENT_TARGET = 8.0;
				LD_RUNPATH_SEARCH_PATHS = "$(inherited) @executable_path/Frameworks";
				LIBRARY_SEARCH_PATHS = (
					"$(inherited)",
					"$(PROJECT_DIR)/NearCameraManager/Convert/lame",
				);
				PRODUCT_BUNDLE_IDENTIFIER = NearKong.NearCameraManager;
				PRODUCT_NAME = "$(TARGET_NAME)";
				TARGETED_DEVICE_FAMILY = 1;
			};
			name = Release;
		};
/* End XCBuildConfiguration section */

/* Begin XCConfigurationList section */
		0D554AC01D40B1DA0057FE76 /* Build configuration list for PBXProject "NearCameraManager" */ = {
			isa = XCConfigurationList;
			buildConfigurations = (
				0D554ADA1D40B1DB0057FE76 /* Debug */,
				0D554ADB1D40B1DB0057FE76 /* Release */,
			);
			defaultConfigurationIsVisible = 0;
			defaultConfigurationName = Release;
		};
		0D554ADC1D40B1DB0057FE76 /* Build configuration list for PBXNativeTarget "NearCameraManager" */ = {
			isa = XCConfigurationList;
			buildConfigurations = (
				0D554ADD1D40B1DB0057FE76 /* Debug */,
				0D554ADE1D40B1DB0057FE76 /* Release */,
			);
			defaultConfigurationIsVisible = 0;
			defaultConfigurationName = Release;
		};
/* End XCConfigurationList section */
	};
	rootObject = 0D554ABD1D40B1DA0057FE76 /* Project object */;
}
